
Microsoft Visual Studio Solution File, Format Version 12.00
# Visual Studio Version 17
VisualStudioVersion = 17.9.34310.174
MinimumVisualStudioVersion = 10.0.40219.1
Project("{9A19103F-16F7-4668-BE54-9A1E7A4F7556}") = "Kysect.ScenarioLib.Abstractions", "Kysect.ScenarioLib.Abstractions\Kysect.ScenarioLib.Abstractions.csproj", "{99340498-D3D6-4D52-8EF3-27242719CD0B}"
EndProject
Project("{FAE04EC0-301F-11D3-BF4B-00C04F79EFBC}") = "Kysect.ScenarioLib.YamlParser", "Kysect.ScenarioLib.YamlParser\Kysect.ScenarioLib.YamlParser.csproj", "{C261A85F-89C0-4D01-BA88-AA8F72F5BA98}"
EndProject
Project("{FAE04EC0-301F-11D3-BF4B-00C04F79EFBC}") = "Kysect.ScenarioLib", "Kysect.ScenarioLib\Kysect.ScenarioLib.csproj", "{2290C9F2-FA43-441B-94F7-C46F7C564D38}"
EndProject
Global
	GlobalSection(SolutionConfigurationPlatforms) = preSolution
		Debug|Any CPU = Debug|Any CPU
		Release|Any CPU = Release|Any CPU
	EndGlobalSection
	GlobalSection(ProjectConfigurationPlatforms) = postSolution
		{99340498-D3D6-4D52-8EF3-27242719CD0B}.Debug|Any CPU.ActiveCfg = Debug|Any CPU
		{99340498-D3D6-4D52-8EF3-27242719CD0B}.Debug|Any CPU.Build.0 = Debug|Any CPU
		{99340498-D3D6-4D52-8EF3-27242719CD0B}.Release|Any CPU.ActiveCfg = Release|Any CPU
		{99340498-D3D6-4D52-8EF3-27242719CD0B}.Release|Any CPU.Build.0 = Release|Any CPU
		{C261A85F-89C0-4D01-BA88-AA8F72F5BA98}.Debug|Any CPU.ActiveCfg = Debug|Any CPU
		{C261A85F-89C0-4D01-BA88-AA8F72F5BA98}.Debug|Any CPU.Build.0 = Debug|Any CPU
		{C261A85F-89C0-4D01-BA88-AA8F72F5BA98}.Release|Any CPU.ActiveCfg = Release|Any CPU
		{C261A85F-89C0-4D01-BA88-AA8F72F5BA98}.Release|Any CPU.Build.0 = Release|Any CPU
		{2290C9F2-FA43-441B-94F7-C46F7C564D38}.Debug|Any CPU.ActiveCfg = Debug|Any CPU
		{2290C9F2-FA43-441B-94F7-C46F7C564D38}.Debug|Any CPU.Build.0 = Debug|Any CPU
		{2290C9F2-FA43-441B-94F7-C46F7C564D38}.Release|Any CPU.ActiveCfg = Release|Any CPU
		{2290C9F2-FA43-441B-94F7-C46F7C564D38}.Release|Any CPU.Build.0 = Release|Any CPU
	EndGlobalSection
	GlobalSection(SolutionProperties) = preSolution
		HideSolutionNode = FALSE
	EndGlobalSection
	GlobalSection(ExtensibilityGlobals) = postSolution
		SolutionGuid = {A9D4174E-539C-4486-BE7F-C60A158D035C}
	EndGlobalSection
EndGlobal
